
Microsoft Visual Studio Solution File, Format Version 12.00
# Visual Studio 15
Project("{FAE04EC0-301F-11D3-BF4B-00C04F79EFBC}") = "Unity.Postprocessing.Runtime", "Unity.Postprocessing.Runtime.csproj", "{A41EC4E9-CB28-8DE7-E4E7-C37308CC2BC3}"
EndProject
Project("{FAE04EC0-301F-11D3-BF4B-00C04F79EFBC}") = "Assembly-CSharp", "Assembly-CSharp.csproj", "{F543FBBC-7CA1-BDFD-2E46-3CFAE346D996}"
EndProject
Project("{FAE04EC0-301F-11D3-BF4B-00C04F79EFBC}") = "Unity.Postprocessing.Editor", "Unity.Postprocessing.Editor.csproj", "{FF915A00-6B03-D4D3-FD1E-3A4014A93AA2}"
EndProject
Project("{FAE04EC0-301F-11D3-BF4B-00C04F79EFBC}") = "Assembly-CSharp-Editor", "Assembly-CSharp-Editor.csproj", "{BCD79FF2-C438-E4EF-94D8-53F83A2E6598}"
EndProject
Global
	GlobalSection(SolutionConfigurationPlatforms) = preSolution
		Debug|Any CPU = Debug|Any CPU
		Release|Any CPU = Release|Any CPU
	EndGlobalSection
	GlobalSection(ProjectConfigurationPlatforms) = postSolution
		{A41EC4E9-CB28-8DE7-E4E7-C37308CC2BC3}.Debug|Any CPU.ActiveCfg = Debug|Any CPU
		{A41EC4E9-CB28-8DE7-E4E7-C37308CC2BC3}.Debug|Any CPU.Build.0 = Debug|Any CPU
		{A41EC4E9-CB28-8DE7-E4E7-C37308CC2BC3}.Release|Any CPU.ActiveCfg = Release|Any CPU
		{A41EC4E9-CB28-8DE7-E4E7-C37308CC2BC3}.Release|Any CPU.Build.0 = Release|Any CPU
		{F543FBBC-7CA1-BDFD-2E46-3CFAE346D996}.Debug|Any CPU.ActiveCfg = Debug|Any CPU
		{F543FBBC-7CA1-BDFD-2E46-3CFAE346D996}.Debug|Any CPU.Build.0 = Debug|Any CPU
		{F543FBBC-7CA1-BDFD-2E46-3CFAE346D996}.Release|Any CPU.ActiveCfg = Release|Any CPU
		{F543FBBC-7CA1-BDFD-2E46-3CFAE346D996}.Release|Any CPU.Build.0 = Release|Any CPU
		{FF915A00-6B03-D4D3-FD1E-3A4014A93AA2}.Debug|Any CPU.ActiveCfg = Debug|Any CPU
		{FF915A00-6B03-D4D3-FD1E-3A4014A93AA2}.Debug|Any CPU.Build.0 = Debug|Any CPU
		{FF915A00-6B03-D4D3-FD1E-3A4014A93AA2}.Release|Any CPU.ActiveCfg = Release|Any CPU
		{FF915A00-6B03-D4D3-FD1E-3A4014A93AA2}.Release|Any CPU.Build.0 = Release|Any CPU
		{BCD79FF2-C438-E4EF-94D8-53F83A2E6598}.Debug|Any CPU.ActiveCfg = Debug|Any CPU
		{BCD79FF2-C438-E4EF-94D8-53F83A2E6598}.Debug|Any CPU.Build.0 = Debug|Any CPU
		{BCD79FF2-C438-E4EF-94D8-53F83A2E6598}.Release|Any CPU.ActiveCfg = Release|Any CPU
		{BCD79FF2-C438-E4EF-94D8-53F83A2E6598}.Release|Any CPU.Build.0 = Release|Any CPU
	EndGlobalSection
	GlobalSection(SolutionProperties) = preSolution
		HideSolutionNode = FALSE
	EndGlobalSection
EndGlobal
